// !$*UTF8*$!
{
	archiveVersion = 1;
	classes = {
	};
	objectVersion = 55;
	objects = {

/* Begin PBXBuildFile section */
		8F6ED1F3290666D800C866C1 /* DetailScreen.swift in Sources */ = {isa = PBXBuildFile; fileRef = 8F6ED1F2290666D800C866C1 /* DetailScreen.swift */; };
		8F743DDD2905120A0091BB55 /* HomeScreen.swift in Sources */ = {isa = PBXBuildFile; fileRef = 8F743DDC2905120A0091BB55 /* HomeScreen.swift */; };
		8F85011729095420005A9AD0 /* Product.swift in Sources */ = {isa = PBXBuildFile; fileRef = 8F85011629095420005A9AD0 /* Product.swift */; };
		8F85011929095474005A9AD0 /* ProductCard.swift in Sources */ = {isa = PBXBuildFile; fileRef = 8F85011829095474005A9AD0 /* ProductCard.swift */; };
		8F85011C29097271005A9AD0 /* Content1View.swift in Sources */ = {isa = PBXBuildFile; fileRef = 8F85011B29097271005A9AD0 /* Content1View.swift */; };
		8FF8FBFF290AD7F5007F11FA /* ScrollingView.swift in Sources */ = {isa = PBXBuildFile; fileRef = 8FF8FBFE290AD7F5007F11FA /* ScrollingView.swift */; };
		8FFFF3BF29042F2D00706CBA /* cofffeUIApp.swift in Sources */ = {isa = PBXBuildFile; fileRef = 8FFFF3BE29042F2D00706CBA /* cofffeUIApp.swift */; };
		8FFFF3C129042F2D00706CBA /* ContentView.swift in Sources */ = {isa = PBXBuildFile; fileRef = 8FFFF3C029042F2D00706CBA /* ContentView.swift */; };
		8FFFF3C329042F2E00706CBA /* Assets.xcassets in Resources */ = {isa = PBXBuildFile; fileRef = 8FFFF3C229042F2E00706CBA /* Assets.xcassets */; };
		8FFFF3C629042F2E00706CBA /* Preview Assets.xcassets in Resources */ = {isa = PBXBuildFile; fileRef = 8FFFF3C529042F2E00706CBA /* Preview Assets.xcassets */; };
/* End PBXBuildFile section */

/* Begin PBXFileReference section */
		8F6ED1F2290666D800C866C1 /* DetailScreen.swift */ = {isa = PBXFileReference; lastKnownFileType = sourcecode.swift; path = DetailScreen.swift; sourceTree = "<group>"; };
		8F743DDC2905120A0091BB55 /* HomeScreen.swift */ = {isa = PBXFileReference; lastKnownFileType = sourcecode.swift; path = HomeScreen.swift; sourceTree = "<group>"; };
		8F85011629095420005A9AD0 /* Product.swift */ = {isa = PBXFileReference; lastKnownFileType = sourcecode.swift; path = Product.swift; sourceTree = "<group>"; };
		8F85011829095474005A9AD0 /* ProductCard.swift */ = {isa = PBXFileReference; lastKnownFileType = sourcecode.swift; path = ProductCard.swift; sourceTree = "<group>"; };
		8F85011B29097271005A9AD0 /* Content1View.swift */ = {isa = PBXFileReference; lastKnownFileType = sourcecode.swift; path = Content1View.swift; sourceTree = "<group>"; };
		8FF8FBFE290AD7F5007F11FA /* ScrollingView.swift */ = {isa = PBXFileReference; lastKnownFileType = sourcecode.swift; path = ScrollingView.swift; sourceTree = "<group>"; };
		8FFFF3BB29042F2D00706CBA /* cofffeUI.app */ = {isa = PBXFileReference; explicitFileType = wrapper.application; includeInIndex = 0; path = cofffeUI.app; sourceTree = BUILT_PRODUCTS_DIR; };
		8FFFF3BE29042F2D00706CBA /* cofffeUIApp.swift */ = {isa = PBXFileReference; lastKnownFileType = sourcecode.swift; path = cofffeUIApp.swift; sourceTree = "<group>"; };
		8FFFF3C029042F2D00706CBA /* ContentView.swift */ = {isa = PBXFileReference; lastKnownFileType = sourcecode.swift; path = ContentView.swift; sourceTree = "<group>"; };
		8FFFF3C229042F2E00706CBA /* Assets.xcassets */ = {isa = PBXFileReference; lastKnownFileType = folder.assetcatalog; path = Assets.xcassets; sourceTree = "<group>"; };
		8FFFF3C529042F2E00706CBA /* Preview Assets.xcassets */ = {isa = PBXFileReference; lastKnownFileType = folder.assetcatalog; path = "Preview Assets.xcassets"; sourceTree = "<group>"; };
/* End PBXFileReference section */

/* Begin PBXFrameworksBuildPhase section */
		8FFFF3B829042F2D00706CBA /* Frameworks */ = {
			isa = PBXFrameworksBuildPhase;
			buildActionMask = 2147483647;
			files = (
			);
			runOnlyForDeploymentPostprocessing = 0;
		};
/* End PBXFrameworksBuildPhase section */

/* Begin PBXGroup section */
		8F743DDB290511F30091BB55 /* Screens */ = {
			isa = PBXGroup;
			children = (
				8F743DDC2905120A0091BB55 /* HomeScreen.swift */,
				8FFFF3C029042F2D00706CBA /* ContentView.swift */,
			);
			path = Screens;
			sourceTree = "<group>";
		};
		8F8501152909540B005A9AD0 /* Models */ = {
			isa = PBXGroup;
			children = (
				8F85011629095420005A9AD0 /* Product.swift */,
			);
			path = Models;
			sourceTree = "<group>";
		};
		8F85011A2909553F005A9AD0 /* Component */ = {
			isa = PBXGroup;
			children = (
				8F85011829095474005A9AD0 /* ProductCard.swift */,
			);
			path = Component;
			sourceTree = "<group>";
		};
		8FFFF3B229042F2D00706CBA = {
			isa = PBXGroup;
			children = (
				8FFFF3BD29042F2D00706CBA /* cofffeUI */,
				8FFFF3BC29042F2D00706CBA /* Products */,
			);
			sourceTree = "<group>";
		};
		8FFFF3BC29042F2D00706CBA /* Products */ = {
			isa = PBXGroup;
			children = (
				8FFFF3BB29042F2D00706CBA /* cofffeUI.app */,
			);
			name = Products;
			sourceTree = "<group>";
		};
		8FFFF3BD29042F2D00706CBA /* cofffeUI */ = {
			isa = PBXGroup;
			children = (
				8FFFF3BE29042F2D00706CBA /* cofffeUIApp.swift */,
				8F8501152909540B005A9AD0 /* Models */,
				8F85011A2909553F005A9AD0 /* Component */,
				8F743DDB290511F30091BB55 /* Screens */,
				8F6ED1F2290666D800C866C1 /* DetailScreen.swift */,
				8FFFF3C229042F2E00706CBA /* Assets.xcassets */,
				8FFFF3C429042F2E00706CBA /* Preview Content */,
				8F85011B29097271005A9AD0 /* Content1View.swift */,
				8FF8FBFE290AD7F5007F11FA /* ScrollingView.swift */,
			);
			path = cofffeUI;
			sourceTree = "<group>";
		};
		8FFFF3C429042F2E00706CBA /* Preview Content */ = {
			isa = PBXGroup;
			children = (
				8FFFF3C529042F2E00706CBA /* Preview Assets.xcassets */,
			);
			path = "Preview Content";
			sourceTree = "<group>";
		};
/* End PBXGroup section */

/* Begin PBXNativeTarget section */
		8FFFF3BA29042F2D00706CBA /* cofffeUI */ = {
			isa = PBXNativeTarget;
			buildConfigurationList = 8FFFF3C929042F2E00706CBA /* Build configuration list for PBXNativeTarget "cofffeUI" */;
			buildPhases = (
				8FFFF3B729042F2D00706CBA /* Sources */,
				8FFFF3B829042F2D00706CBA /* Frameworks */,
				8FFFF3B929042F2D00706CBA /* Resources */,
			);
			buildRules = (
			);
			dependencies = (
			);
			name = cofffeUI;
			productName = cofffeUI;
			productReference = 8FFFF3BB29042F2D00706CBA /* cofffeUI.app */;
			productType = "com.apple.product-type.application";
		};
/* End PBXNativeTarget section */

/* Begin PBXProject section */
		8FFFF3B329042F2D00706CBA /* Project object */ = {
			isa = PBXProject;
			attributes = {
				BuildIndependentTargetsInParallel = 1;
				LastSwiftUpdateCheck = 1320;
				LastUpgradeCheck = 1320;
				TargetAttributes = {
					8FFFF3BA29042F2D00706CBA = {
						CreatedOnToolsVersion = 13.2.1;
					};
				};
			};
			buildConfigurationList = 8FFFF3B629042F2D00706CBA /* Build configuration list for PBXProject "cofffeUI" */;
			compatibilityVersion = "Xcode 13.0";
			developmentRegion = en;
			hasScannedForEncodings = 0;
			knownRegions = (
				en,
				Base,
			);
			mainGroup = 8FFFF3B229042F2D00706CBA;
			productRefGroup = 8FFFF3BC29042F2D00706CBA /* Products */;
			projectDirPath = "";
			projectRoot = "";
			targets = (
				8FFFF3BA29042F2D00706CBA /* cofffeUI */,
			);
		};
/* End PBXProject section */

/* Begin PBXResourcesBuildPhase section */
		8FFFF3B929042F2D00706CBA /* Resources */ = {
			isa = PBXResourcesBuildPhase;
			buildActionMask = 2147483647;
			files = (
				8FFFF3C629042F2E00706CBA /* Preview Assets.xcassets in Resources */,
				8FFFF3C329042F2E00706CBA /* Assets.xcassets in Resources */,
			);
			runOnlyForDeploymentPostprocessing = 0;
		};
/* End PBXResourcesBuildPhase section */

/* Begin PBXSourcesBuildPhase section */
		8FFFF3B729042F2D00706CBA /* Sources */ = {
			isa = PBXSourcesBuildPhase;
			buildActionMask = 2147483647;
			files = (
				8F6ED1F3290666D800C866C1 /* DetailScreen.swift in Sources */,
				8FFFF3C129042F2D00706CBA /* ContentView.swift in Sources */,
				8F85011729095420005A9AD0 /* Product.swift in Sources */,
				8FFFF3BF29042F2D00706CBA /* cofffeUIApp.swift in Sources */,
				8F743DDD2905120A0091BB55 /* HomeScreen.swift in Sources */,
				8F85011929095474005A9AD0 /* ProductCard.swift in Sources */,
				8FF8FBFF290AD7F5007F11FA /* ScrollingView.swift in Sources */,
				8F85011C29097271005A9AD0 /* Content1View.swift in Sources */,
			);
			runOnlyForDeploymentPostprocessing = 0;
		};
/* End PBXSourcesBuildPhase section */

/* Begin XCBuildConfiguration section */
		8FFFF3C729042F2E00706CBA /* Debug */ = {
			isa = XCBuildConfiguration;
			buildSettings = {
				ALWAYS_SEARCH_USER_PATHS = NO;
				CLANG_ANALYZER_NONNULL = YES;
				CLANG_ANALYZER_NUMBER_OBJECT_CONVERSION = YES_AGGRESSIVE;
				CLANG_CXX_LANGUAGE_STANDARD = "gnu++17";
				CLANG_CXX_LIBRARY = "libc++";
				CLANG_ENABLE_MODULES = YES;
				CLANG_ENABLE_OBJC_ARC = YES;
				CLANG_ENABLE_OBJC_WEAK = YES;
				CLANG_WARN_BLOCK_CAPTURE_AUTORELEASING = YES;
				CLANG_WARN_BOOL_CONVERSION = YES;
				CLANG_WARN_COMMA = YES;
				CLANG_WARN_CONSTANT_CONVERSION = YES;
				CLANG_WARN_DEPRECATED_OBJC_IMPLEMENTATIONS = YES;
				CLANG_WARN_DIRECT_OBJC_ISA_USAGE = YES_ERROR;
				CLANG_WARN_DOCUMENTATION_COMMENTS = YES;
				CLANG_WARN_EMPTY_BODY = YES;
				CLANG_WARN_ENUM_CONVERSION = YES;
				CLANG_WARN_INFINITE_RECURSION = YES;
				CLANG_WARN_INT_CONVERSION = YES;
				CLANG_WARN_NON_LITERAL_NULL_CONVERSION = YES;
				CLANG_WARN_OBJC_IMPLICIT_RETAIN_SELF = YES;
				CLANG_WARN_OBJC_LITERAL_CONVERSION = YES;
				CLANG_WARN_OBJC_ROOT_CLASS = YES_ERROR;
				CLANG_WARN_QUOTED_INCLUDE_IN_FRAMEWORK_HEADER = YES;
				CLANG_WARN_RANGE_LOOP_ANALYSIS = YES;
				CLANG_WARN_STRICT_PROTOTYPES = YES;
				CLANG_WARN_SUSPICIOUS_MOVE = YES;
				CLANG_WARN_UNGUARDED_AVAILABILITY = YES_AGGRESSIVE;
				CLANG_WARN_UNREACHABLE_CODE = YES;
				CLANG_WARN__DUPLICATE_METHOD_MATCH = YES;
				COPY_PHASE_STRIP = NO;
				DEBUG_INFORMATION_FORMAT = dwarf;
				ENABLE_STRICT_OBJC_MSGSEND = YES;
				ENABLE_TESTABILITY = YES;
				GCC_C_LANGUAGE_STANDARD = gnu11;
				GCC_DYNAMIC_NO_PIC = NO;
				GCC_NO_COMMON_BLOCKS = YES;
				GCC_OPTIMIZATION_LEVEL = 0;
				GCC_PREPROCESSOR_DEFINITIONS = (
					"DEBUG=1",
					"$(inherited)",
				);
				GCC_WARN_64_TO_32_BIT_CONVERSION = YES;
				GCC_WARN_ABOUT_RETURN_TYPE = YES_ERROR;
				GCC_WARN_UNDECLARED_SELECTOR = YES;
				GCC_WARN_UNINITIALIZED_AUTOS = YES_AGGRESSIVE;
				GCC_WARN_UNUSED_FUNCTION = YES;
				GCC_WARN_UNUSED_VARIABLE = YES;
				IPHONEOS_DEPLOYMENT_TARGET = 15.2;
				MTL_ENABLE_DEBUG_INFO = INCLUDE_SOURCE;
				MTL_FAST_MATH = YES;
				ONLY_ACTIVE_ARCH = YES;
				SDKROOT = iphoneos;
				SWIFT_ACTIVE_COMPILATION_CONDITIONS = DEBUG;
				SWIFT_OPTIMIZATION_LEVEL = "-Onone";
			};
			name = Debug;
		};
		8FFFF3C829042F2E00706CBA /* Release */ = {
			isa = XCBuildConfiguration;
			buildSettings = {
				ALWAYS_SEARCH_USER_PATHS = NO;
				CLANG_ANALYZER_NONNULL = YES;
				CLANG_ANALYZER_NUMBER_OBJECT_CONVERSION = YES_AGGRESSIVE;
				CLANG_CXX_LANGUAGE_STANDARD = "gnu++17";
				CLANG_CXX_LIBRARY = "libc++";
				CLANG_ENABLE_MODULES = YES;
				CLANG_ENABLE_OBJC_ARC = YES;
				CLANG_ENABLE_OBJC_WEAK = YES;
				CLANG_WARN_BLOCK_CAPTURE_AUTORELEASING = YES;
				CLANG_WARN_BOOL_CONVERSION = YES;
				CLANG_WARN_COMMA = YES;
				CLANG_WARN_CONSTANT_CONVERSION = YES;
				CLANG_WARN_DEPRECATED_OBJC_IMPLEMENTATIONS = YES;
				CLANG_WARN_DIRECT_OBJC_ISA_USAGE = YES_ERROR;
				CLANG_WARN_DOCUMENTATION_COMMENTS = YES;
				CLANG_WARN_EMPTY_BODY = YES;
				CLANG_WARN_ENUM_CONVERSION = YES;
				CLANG_WARN_INFINITE_RECURSION = YES;
				CLANG_WARN_INT_CONVERSION = YES;
				CLANG_WARN_NON_LITERAL_NULL_CONVERSION = YES;
				CLANG_WARN_OBJC_IMPLICIT_RETAIN_SELF = YES;
				CLANG_WARN_OBJC_LITERAL_CONVERSION = YES;
				CLANG_WARN_OBJC_ROOT_CLASS = YES_ERROR;
				CLANG_WARN_QUOTED_INCLUDE_IN_FRAMEWORK_HEADER = YES;
				CLANG_WARN_RANGE_LOOP_ANALYSIS = YES;
				CLANG_WARN_STRICT_PROTOTYPES = YES;
				CLANG_WARN_SUSPICIOUS_MOVE = YES;
				CLANG_WARN_UNGUARDED_AVAILABILITY = YES_AGGRESSIVE;
				CLANG_WARN_UNREACHABLE_CODE = YES;
				CLANG_WARN__DUPLICATE_METHOD_MATCH = YES;
				COPY_PHASE_STRIP = NO;
				DEBUG_INFORMATION_FORMAT = "dwarf-with-dsym";
				ENABLE_NS_ASSERTIONS = NO;
				ENABLE_STRICT_OBJC_MSGSEND = YES;
				GCC_C_LANGUAGE_STANDARD = gnu11;
				GCC_NO_COMMON_BLOCKS = YES;
				GCC_WARN_64_TO_32_BIT_CONVERSION = YES;
				GCC_WARN_ABOUT_RETURN_TYPE = YES_ERROR;
				GCC_WARN_UNDECLARED_SELECTOR = YES;
				GCC_WARN_UNINITIALIZED_AUTOS = YES_AGGRESSIVE;
				GCC_WARN_UNUSED_FUNCTION = YES;
				GCC_WARN_UNUSED_VARIABLE = YES;
				IPHONEOS_DEPLOYMENT_TARGET = 15.2;
				MTL_ENABLE_DEBUG_INFO = NO;
				MTL_FAST_MATH = YES;
				SDKROOT = iphoneos;
				SWIFT_COMPILATION_MODE = wholemodule;
				SWIFT_OPTIMIZATION_LEVEL = "-O";
				VALIDATE_PRODUCT = YES;
			};
			name = Release;
		};
		8FFFF3CA29042F2E00706CBA /* Debug */ = {
			isa = XCBuildConfiguration;
			buildSettings = {
				ASSETCATALOG_COMPILER_APPICON_NAME = AppIcon;
				ASSETCATALOG_COMPILER_GLOBAL_ACCENT_COLOR_NAME = AccentColor;
				CODE_SIGN_STYLE = Automatic;
				CURRENT_PROJECT_VERSION = 1;
				DEVELOPMENT_ASSET_PATHS = "\"cofffeUI/Preview Content\"";
				DEVELOPMENT_TEAM = 6MW8JPB2BG;
				ENABLE_PREVIEWS = YES;
				GENERATE_INFOPLIST_FILE = YES;
				INFOPLIST_KEY_UIApplicationSceneManifest_Generation = YES;
				INFOPLIST_KEY_UIApplicationSupportsIndirectInputEvents = YES;
				INFOPLIST_KEY_UILaunchScreen_Generation = YES;
				INFOPLIST_KEY_UISupportedInterfaceOrientations_iPad = "UIInterfaceOrientationPortrait UIInterfaceOrientationPortraitUpsideDown UIInterfaceOrientationLandscapeLeft UIInterfaceOrientationLandscapeRight";
				INFOPLIST_KEY_UISupportedInterfaceOrientations_iPhone = "UIInterfaceOrientationPortrait UIInterfaceOrientationLandscapeLeft UIInterfaceOrientationLandscapeRight";
				LD_RUNPATH_SEARCH_PATHS = (
					"$(inherited)",
					"@executable_path/Frameworks",
				);
				MARKETING_VERSION = 1.0;
				PRODUCT_BUNDLE_IDENTIFIER = dfcd.cofffeUI;
				PRODUCT_NAME = "$(TARGET_NAME)";
				SWIFT_EMIT_LOC_STRINGS = YES;
				SWIFT_VERSION = 5.0;
				TARGETED_DEVICE_FAMILY = "1,2";
			};
			name = Debug;
		};
		8FFFF3CB29042F2E00706CBA /* Release */ = {
			isa = XCBuildConfiguration;
			buildSettings = {
				ASSETCATALOG_COMPILER_APPICON_NAME = AppIcon;
				ASSETCATALOG_COMPILER_GLOBAL_ACCENT_COLOR_NAME = AccentColor;
				CODE_SIGN_STYLE = Automatic;
				CURRENT_PROJECT_VERSION = 1;
				DEVELOPMENT_ASSET_PATHS = "\"cofffeUI/Preview Content\"";
				DEVELOPMENT_TEAM = 6MW8JPB2BG;
				ENABLE_PREVIEWS = YES;
				GENERATE_INFOPLIST_FILE = YES;
				INFOPLIST_KEY_UIApplicationSceneManifest_Generation = YES;
				INFOPLIST_KEY_UIApplicationSupportsIndirectInputEvents = YES;
				INFOPLIST_KEY_UILaunchScreen_Generation = YES;
				INFOPLIST_KEY_UISupportedInterfaceOrientations_iPad = "UIInterfaceOrientationPortrait UIInterfaceOrientationPortraitUpsideDown UIInterfaceOrientationLandscapeLeft UIInterfaceOrientationLandscapeRight";
				INFOPLIST_KEY_UISupportedInterfaceOrientations_iPhone = "UIInterfaceOrientationPortrait UIInterfaceOrientationLandscapeLeft UIInterfaceOrientationLandscapeRight";
				LD_RUNPATH_SEARCH_PATHS = (
					"$(inherited)",
					"@executable_path/Frameworks",
				);
				MARKETING_VERSION = 1.0;
				PRODUCT_BUNDLE_IDENTIFIER = dfcd.cofffeUI;
				PRODUCT_NAME = "$(TARGET_NAME)";
				SWIFT_EMIT_LOC_STRINGS = YES;
				SWIFT_VERSION = 5.0;
				TARGETED_DEVICE_FAMILY = "1,2";
			};
			name = Release;
		};
/* End XCBuildConfiguration section */

/* Begin XCConfigurationList section */
		8FFFF3B629042F2D00706CBA /* Build configuration list for PBXProject "cofffeUI" */ = {
			isa = XCConfigurationList;
			buildConfigurations = (
				8FFFF3C729042F2E00706CBA /* Debug */,
				8FFFF3C829042F2E00706CBA /* Release */,
			);
			defaultConfigurationIsVisible = 0;
			defaultConfigurationName = Release;
		};
		8FFFF3C929042F2E00706CBA /* Build configuration list for PBXNativeTarget "cofffeUI" */ = {
			isa = XCConfigurationList;
			buildConfigurations = (
				8FFFF3CA29042F2E00706CBA /* Debug */,
				8FFFF3CB29042F2E00706CBA /* Release */,
			);
			defaultConfigurationIsVisible = 0;
			defaultConfigurationName = Release;
		};
/* End XCConfigurationList section */
	};
	rootObject = 8FFFF3B329042F2D00706CBA /* Project object */;
}
